
Microsoft Visual Studio Solution File, Format Version 12.00
# Visual Studio Version 17
VisualStudioVersion = 17.9.34622.214
MinimumVisualStudioVersion = 10.0.40219.1
Project("{FAE04EC0-301F-11D3-BF4B-00C04F79EFBC}") = "netCore8Mvc", "netCore8Mvc\netCore8Mvc.csproj", "{59133878-FBCF-4DB0-98E4-434C7624F150}"
EndProject
Global
	GlobalSection(SolutionConfigurationPlatforms) = preSolution
		Debug|Any CPU = Debug|Any CPU
		Release|Any CPU = Release|Any CPU
	EndGlobalSection
	GlobalSection(ProjectConfigurationPlatforms) = postSolution
		{59133878-FBCF-4DB0-98E4-434C7624F150}.Debug|Any CPU.ActiveCfg = Debug|Any CPU
		{59133878-FBCF-4DB0-98E4-434C7624F150}.Debug|Any CPU.Build.0 = Debug|Any CPU
		{59133878-FBCF-4DB0-98E4-434C7624F150}.Release|Any CPU.ActiveCfg = Release|Any CPU
		{59133878-FBCF-4DB0-98E4-434C7624F150}.Release|Any CPU.Build.0 = Release|Any CPU
	EndGlobalSection
	GlobalSection(SolutionProperties) = preSolution
		HideSolutionNode = FALSE
	EndGlobalSection
	GlobalSection(ExtensibilityGlobals) = postSolution
		SolutionGuid = {3368C9BF-1276-4D45-93CE-25CAE318BFE1}
	EndGlobalSection
EndGlobal
